PODS:
  - Alamofire (4.5.0)
  - GoogleMaps/Base (2.4.0)
  - GooglePlaces (2.4.0):
    - GoogleMaps/Base (= 2.4.0)
  - SwiftyJSON (3.1.4)

DEPENDENCIES:
  - Alamofire (~> 4.0)
  - GooglePlaces
  - SwiftyJSON

SPEC CHECKSUMS:
  Alamofire: f28cdffd29de33a7bfa022cbd63ae95a27fae140
  GoogleMaps: 8436ab5d1c25e36915b2f7416d0c8e3fa2e76c61
  GooglePlaces: aafe5990fa7951e98e078761bbdaaf236d7e0c65
  SwiftyJSON: c2842d878f95482ffceec5709abc3d05680c0220

PODFILE CHECKSUM: 5ed9ddcb09414b94441ec15c82b8d8ff6e133116

COCOAPODS: 1.3.1
